
Microsoft Visual Studio Solution File, Format Version 12.00
# Visual Studio 14
VisualStudioVersion = 14.0.25420.1
MinimumVisualStudioVersion = 10.0.40219.1
Project("{FAE04EC0-301F-11D3-BF4B-00C04F79EFBC}") = "Дима", "Дима\Дима.csproj", "{B36E0AE7-F4DF-4288-AFEF-C9B3E359543E}"
EndProject
Project("{FAE04EC0-301F-11D3-BF4B-00C04F79EFBC}") = "Занятие2", "Занятие2\Занятие2.csproj", "{58142F02-2A94-4F07-AA75-184E4D57C981}"
EndProject
Global
	GlobalSection(SolutionConfigurationPlatforms) = preSolution
		Debug|Any CPU = Debug|Any CPU
		Release|Any CPU = Release|Any CPU
	EndGlobalSection
	GlobalSection(ProjectConfigurationPlatforms) = postSolution
		{B36E0AE7-F4DF-4288-AFEF-C9B3E359543E}.Debug|Any CPU.ActiveCfg = Debug|Any CPU
		{B36E0AE7-F4DF-4288-AFEF-C9B3E359543E}.Debug|Any CPU.Build.0 = Debug|Any CPU
		{B36E0AE7-F4DF-4288-AFEF-C9B3E359543E}.Release|Any CPU.ActiveCfg = Release|Any CPU
		{B36E0AE7-F4DF-4288-AFEF-C9B3E359543E}.Release|Any CPU.Build.0 = Release|Any CPU
		{58142F02-2A94-4F07-AA75-184E4D57C981}.Debug|Any CPU.ActiveCfg = Debug|Any CPU
		{58142F02-2A94-4F07-AA75-184E4D57C981}.Debug|Any CPU.Build.0 = Debug|Any CPU
		{58142F02-2A94-4F07-AA75-184E4D57C981}.Release|Any CPU.ActiveCfg = Release|Any CPU
		{58142F02-2A94-4F07-AA75-184E4D57C981}.Release|Any CPU.Build.0 = Release|Any CPU
	EndGlobalSection
	GlobalSection(SolutionProperties) = preSolution
		HideSolutionNode = FALSE
	EndGlobalSection
EndGlobal
